# This file was autogenerated by uv via the following command:
#    uv pip compile --python .venv/bin/python local_runtime/requirements.in --constraint .data/setup-backups/20260919-dashboard/constraints.txt -o local_runtime/requirements.lock
-e .
    # via -r local_runtime/requirements.in
annotated-doc==0.0.5
    # via
    #   -c .data/setup-backups/20260919-dashboard/constraints.txt
    #   fastapi
    #   typer
annotated-types==0.8.0
    # via
    #   -c .data/setup-backups/20260919-dashboard/constraints.txt
    #   pydantic
anyio==4.15.1
    # via
    #   -c .data/setup-backups/20260919-dashboard/constraints.txt
    #   httpx
    #   httpx2
    #   openai
    #   starlette
av==16.1.0
    # via
    #   -c .data/setup-backups/20260919-dashboard/constraints.txt
    #   -r local_runtime/requirements.in
backoff==2.2.1
    # via
    #   -c .data/setup-backups/20260919-dashboard/constraints.txt
    #   posthog
beautifulsoup4==4.15.0
    # via
    #   -c .data/setup-backups/20260919-dashboard/constraints.txt
    #   -r local_runtime/requirements.in
blis==1.3.3
    # via
    #   -c .data/setup-backups/20260919-dashboard/constraints.txt
    #   thinc
catalogue==2.0.10
    # via
    #   -c .data/setup-backups/20260919-dashboard/constraints.txt
    #   spacy
    #   srsly
    #   thinc
certifi==2026.7.22
    # via
    #   -c .data/setup-backups/20260919-dashboard/constraints.txt
    #   httpcore
    #   httpx
    #   requests
charset-normalizer==3.5.1
    # via
    #   -c .data/setup-backups/20260919-dashboard/constraints.txt
    #   requests
click==8.5.0
    # via
    #   -c .data/setup-backups/20260919-dashboard/constraints.txt
    #   huggingface-hub
    #   spacy
    #   uvicorn
cloudpathlib==0.25.0
    # via
    #   -c .data/setup-backups/20260919-dashboard/constraints.txt
    #   weasel
confection==1.3.3
    # via
    #   -c .data/setup-backups/20260919-dashboard/constraints.txt
    #   spacy
    #   thinc
    #   weasel
cymem==2.0.13
    # via
    #   -c .data/setup-backups/20260919-dashboard/constraints.txt
    #   preshed
    #   spacy
    #   thinc
distro==1.9.0
    # via
    #   -c .data/setup-backups/20260919-dashboard/constraints.txt
    #   posthog
en-core-web-sm @ https://github.com/explosion/spacy-models/releases/download/en_core_web_sm-3.8.0/en_core_web_sm-3.8.0-py3-none-any.whl
    # via
    #   -c .data/setup-backups/20260919-dashboard/constraints.txt
    #   -r local_runtime/requirements.in
fastapi==0.141.1
    # via -r local_runtime/requirements.in
fastembed==0.8.0
    # via
    #   -c .data/setup-backups/20260919-dashboard/constraints.txt
    #   -r local_runtime/requirements.in
filelock==3.32.7
    # via
    #   -c .data/setup-backups/20260919-dashboard/constraints.txt
    #   huggingface-hub
flatbuffers==25.12.19
    # via
    #   -c .data/setup-backups/20260919-dashboard/constraints.txt
    #   onnxruntime
fsspec==2026.7.0
    # via
    #   -c .data/setup-backups/20260919-dashboard/constraints.txt
    #   huggingface-hub
greenlet==3.5.6
    # via
    #   -c .data/setup-backups/20260919-dashboard/constraints.txt
    #   sqlalchemy
grpcio==1.84.0
    # via
    #   -c .data/setup-backups/20260919-dashboard/constraints.txt
    #   qdrant-client
h11==0.16.0
    # via
    #   -c .data/setup-backups/20260919-dashboard/constraints.txt
    #   httpcore
    #   httpcore2
    #   uvicorn
h2==4.4.1
    # via
    #   -c .data/setup-backups/20260919-dashboard/constraints.txt
    #   httpx
hf-xet==1.6.0
    # via
    #   -c .data/setup-backups/20260919-dashboard/constraints.txt
    #   huggingface-hub
hpack==4.2.0
    # via
    #   -c .data/setup-backups/20260919-dashboard/constraints.txt
    #   h2
httpcore==1.0.9
    # via
    #   -c .data/setup-backups/20260919-dashboard/constraints.txt
    #   httpx
httpcore2==2.13.0
    # via
    #   -c .data/setup-backups/20260919-dashboard/constraints.txt
    #   httpx2
httpx==0.28.1
    # via
    #   -c .data/setup-backups/20260919-dashboard/constraints.txt
    #   huggingface-hub
    #   mem0ai
    #   ollama
    #   qdrant-client
    #   weasel
httpx2==2.13.0
    # via
    #   -c .data/setup-backups/20260919-dashboard/constraints.txt
    #   openai
huggingface-hub==1.31.0
    # via
    #   -c .data/setup-backups/20260919-dashboard/constraints.txt
    #   fastembed
    #   tokenizers
hyperframe==6.1.0
    # via
    #   -c .data/setup-backups/20260919-dashboard/constraints.txt
    #   h2
idna==3.19
    # via
    #   -c .data/setup-backups/20260919-dashboard/constraints.txt
    #   anyio
    #   httpx
    #   httpx2
    #   requests
iniconfig==2.3.0
    # via
    #   -c .data/setup-backups/20260919-dashboard/constraints.txt
    #   pytest
jinja2==3.1.6
    # via
    #   -c .data/setup-backups/20260919-dashboard/constraints.txt
    #   spacy
jiter==0.17.0
    # via
    #   -c .data/setup-backups/20260919-dashboard/constraints.txt
    #   openai
loguru==0.7.3
    # via
    #   -c .data/setup-backups/20260919-dashboard/constraints.txt
    #   fastembed
markdown-it-py==4.2.0
    # via
    #   -c .data/setup-backups/20260919-dashboard/constraints.txt
    #   rich
markupsafe==3.0.3
    # via
    #   -c .data/setup-backups/20260919-dashboard/constraints.txt
    #   jinja2
mdurl==0.1.2
    # via
    #   -c .data/setup-backups/20260919-dashboard/constraints.txt
    #   markdown-it-py
mmh3==5.3.0
    # via
    #   -c .data/setup-backups/20260919-dashboard/constraints.txt
    #   fastembed
murmurhash==1.0.15
    # via
    #   -c .data/setup-backups/20260919-dashboard/constraints.txt
    #   preshed
    #   spacy
    #   thinc
numpy==2.4.6
    # via
    #   -c .data/setup-backups/20260919-dashboard/constraints.txt
    #   blis
    #   fastembed
    #   onnxruntime
    #   qdrant-client
    #   spacy
    #   thinc
ollama==0.6.2
    # via
    #   -c .data/setup-backups/20260919-dashboard/constraints.txt
    #   -r local_runtime/requirements.in
onnxruntime==1.30.0
    # via
    #   -c .data/setup-backups/20260919-dashboard/constraints.txt
    #   fastembed
openai==3.14.0
    # via
    #   -c .data/setup-backups/20260919-dashboard/constraints.txt
    #   mem0ai
packaging==26.3
    # via
    #   -c .data/setup-backups/20260919-dashboard/constraints.txt
    #   huggingface-hub
    #   onnxruntime
    #   pytest
    #   spacy
    #   thinc
    #   weasel
pillow==12.3.0
    # via
    #   -c .data/setup-backups/20260919-dashboard/constraints.txt
    #   -r local_runtime/requirements.in
    #   fastembed
pluggy==1.6.0
    # via
    #   -c .data/setup-backups/20260919-dashboard/constraints.txt
    #   pytest
portalocker==3.2.0
    # via
    #   -c .data/setup-backups/20260919-dashboard/constraints.txt
    #   qdrant-client
posthog==7.53.0
    # via
    #   -c .data/setup-backups/20260919-dashboard/constraints.txt
    #   mem0ai
preshed==3.0.13
    # via
    #   -c .data/setup-backups/20260919-dashboard/constraints.txt
    #   spacy
    #   thinc
protobuf==6.33.6
    # via
    #   -c .data/setup-backups/20260919-dashboard/constraints.txt
    #   mem0ai
    #   onnxruntime
    #   qdrant-client
py-rust-stemmers==0.1.8
    # via
    #   -c .data/setup-backups/20260919-dashboard/constraints.txt
    #   fastembed
pydantic==2.13.5
    # via
    #   -c .data/setup-backups/20260919-dashboard/constraints.txt
    #   fastapi
    #   mem0ai
    #   ollama
    #   openai
    #   qdrant-client
    #   spacy
    #   thinc
    #   weasel
pydantic-core==2.46.5
    # via
    #   -c .data/setup-backups/20260919-dashboard/constraints.txt
    #   pydantic
pygments==2.21.0
    # via
    #   -c .data/setup-backups/20260919-dashboard/constraints.txt
    #   pytest
    #   rich
pymupdf==1.28.2
    # via
    #   -c .data/setup-backups/20260919-dashboard/constraints.txt
    #   -r local_runtime/requirements.in
pytest==9.1.1
    # via
    #   -c .data/setup-backups/20260919-dashboard/constraints.txt
    #   -r local_runtime/requirements.in
python-dotenv==1.2.3
    # via
    #   -c .data/setup-backups/20260919-dashboard/constraints.txt
    #   -r local_runtime/requirements.in
pytz==2026.3.post1
    # via
    #   -c .data/setup-backups/20260919-dashboard/constraints.txt
    #   mem0ai
pyyaml==6.0.3
    # via
    #   -c .data/setup-backups/20260919-dashboard/constraints.txt
    #   huggingface-hub
qdrant-client==1.19.0
    # via
    #   -c .data/setup-backups/20260919-dashboard/constraints.txt
    #   mem0ai
requests==2.34.2
    # via
    #   -c .data/setup-backups/20260919-dashboard/constraints.txt
    #   fastembed
    #   posthog
    #   spacy
rich==15.0.0
    # via
    #   -c .data/setup-backups/20260919-dashboard/constraints.txt
    #   typer
ruff==0.16.0
    # via
    #   -c .data/setup-backups/20260919-dashboard/constraints.txt
    #   -r local_runtime/requirements.in
setuptools==84.0.0
    # via
    #   -c .data/setup-backups/20260919-dashboard/constraints.txt
    #   spacy
    #   thinc
shellingham==1.5.4
    # via
    #   -c .data/setup-backups/20260919-dashboard/constraints.txt
    #   typer
smart-open==8.0.1
    # via
    #   -c .data/setup-backups/20260919-dashboard/constraints.txt
    #   weasel
sniffio==1.3.1
    # via
    #   -c .data/setup-backups/20260919-dashboard/constraints.txt
    #   openai
soupsieve==2.9.2
    # via
    #   -c .data/setup-backups/20260919-dashboard/constraints.txt
    #   beautifulsoup4
spacy==3.8.16
    # via
    #   -c .data/setup-backups/20260919-dashboard/constraints.txt
    #   -r local_runtime/requirements.in
    #   mem0ai
spacy-legacy==3.0.12
    # via
    #   -c .data/setup-backups/20260919-dashboard/constraints.txt
    #   spacy
spacy-loggers==1.0.5
    # via
    #   -c .data/setup-backups/20260919-dashboard/constraints.txt
    #   spacy
sqlalchemy==2.0.53
    # via
    #   -c .data/setup-backups/20260919-dashboard/constraints.txt
    #   mem0ai
srsly==2.5.3
    # via
    #   -c .data/setup-backups/20260919-dashboard/constraints.txt
    #   spacy
    #   thinc
    #   weasel
starlette==1.6.0
    # via fastapi
thinc==8.3.13
    # via
    #   -c .data/setup-backups/20260919-dashboard/constraints.txt
    #   spacy
tokenizers==0.23.2
    # via
    #   -c .data/setup-backups/20260919-dashboard/constraints.txt
    #   fastembed
tqdm==4.70.1
    # via
    #   -c .data/setup-backups/20260919-dashboard/constraints.txt
    #   fastembed
    #   huggingface-hub
    #   spacy
truststore==0.10.4
    # via
    #   -c .data/setup-backups/20260919-dashboard/constraints.txt
    #   httpcore2
    #   httpx2
typer==0.27.2
    # via
    #   -c .data/setup-backups/20260919-dashboard/constraints.txt
    #   spacy
    #   weasel
typing-extensions==4.16.0
    # via
    #   -c .data/setup-backups/20260919-dashboard/constraints.txt
    #   anyio
    #   beautifulsoup4
    #   fastapi
    #   grpcio
    #   httpx2
    #   huggingface-hub
    #   openai
    #   posthog
    #   pydantic
    #   pydantic-core
    #   sqlalchemy
    #   starlette
    #   typing-inspection
typing-inspection==0.4.4
    # via
    #   -c .data/setup-backups/20260919-dashboard/constraints.txt
    #   fastapi
    #   pydantic
urllib3==2.7.0
    # via
    #   -c .data/setup-backups/20260919-dashboard/constraints.txt
    #   qdrant-client
    #   requests
uvicorn==0.53.0
    # via -r local_runtime/requirements.in
wasabi==1.1.3
    # via
    #   -c .data/setup-backups/20260919-dashboard/constraints.txt
    #   spacy
    #   thinc
    #   weasel
weasel==1.0.0
    # via
    #   -c .data/setup-backups/20260919-dashboard/constraints.txt
    #   spacy
wrapt==2.4.1
    # via
    #   -c .data/setup-backups/20260919-dashboard/constraints.txt
    #   smart-open
